// !$*UTF8*$!
{
	archiveVersion = 1;
	classes = {
	};
	objectVersion = 46;
	objects = {

/* Begin PBXBuildFile section */
		4B1EB7241AFEF04F00EDFE61 /* CaffeineInjector.swift in Sources */ = {isa = PBXBuildFile; fileRef = 4B1EB7231AFEF04F00EDFE61 /* CaffeineInjector.swift */; };
		4B4003C71AFEE309009985E4 /* AppDelegate.swift in Sources */ = {isa = PBXBuildFile; fileRef = 4B4003C61AFEE309009985E4 /* AppDelegate.swift */; };
		4B4003C91AFEE309009985E4 /* ViewController.swift in Sources */ = {isa = PBXBuildFile; fileRef = 4B4003C81AFEE309009985E4 /* ViewController.swift */; };
		4B4003CB1AFEE309009985E4 /* Images.xcassets in Resources */ = {isa = PBXBuildFile; fileRef = 4B4003CA1AFEE309009985E4 /* Images.xcassets */; };
		4B4003CE1AFEE309009985E4 /* Main.storyboard in Resources */ = {isa = PBXBuildFile; fileRef = 4B4003CC1AFEE309009985E4 /* Main.storyboard */; };
		4B4003DA1AFEE309009985E4 /* CaffeineTests.swift in Sources */ = {isa = PBXBuildFile; fileRef = 4B4003D91AFEE309009985E4 /* CaffeineTests.swift */; };
		4B97393B1AFEE9200030AE46 /* ProcessMonitor.swift in Sources */ = {isa = PBXBuildFile; fileRef = 4B97393A1AFEE9200030AE46 /* ProcessMonitor.swift */; };
/* End PBXBuildFile section */

/* Begin PBXContainerItemProxy section */
		4B4003D41AFEE309009985E4 /* PBXContainerItemProxy */ = {
			isa = PBXContainerItemProxy;
			containerPortal = 4B4003B91AFEE309009985E4 /* Project object */;
			proxyType = 1;
			remoteGlobalIDString = 4B4003C01AFEE309009985E4;
			remoteInfo = Caffeine;
		};
/* End PBXContainerItemProxy section */

/* Begin PBXFileReference section */
		4B1EB7231AFEF04F00EDFE61 /* CaffeineInjector.swift */ = {isa = PBXFileReference; fileEncoding = 4; lastKnownFileType = sourcecode.swift; path = CaffeineInjector.swift; sourceTree = "<group>"; };
		4B4003C11AFEE309009985E4 /* Caffeine.app */ = {isa = PBXFileReference; explicitFileType = wrapper.application; includeInIndex = 0; path = Caffeine.app; sourceTree = BUILT_PRODUCTS_DIR; };
		4B4003C51AFEE309009985E4 /* Info.plist */ = {isa = PBXFileReference; lastKnownFileType = text.plist.xml; path = Info.plist; sourceTree = "<group>"; };
		4B4003C61AFEE309009985E4 /* AppDelegate.swift */ = {isa = PBXFileReference; lastKnownFileType = sourcecode.swift; path = AppDelegate.swift; sourceTree = "<group>"; };
		4B4003C81AFEE309009985E4 /* ViewController.swift */ = {isa = PBXFileReference; lastKnownFileType = sourcecode.swift; path = ViewController.swift; sourceTree = "<group>"; };
		4B4003CA1AFEE309009985E4 /* Images.xcassets */ = {isa = PBXFileReference; lastKnownFileType = folder.assetcatalog; path = Images.xcassets; sourceTree = "<group>"; };
		4B4003CD1AFEE309009985E4 /* Base */ = {isa = PBXFileReference; lastKnownFileType = file.storyboard; name = Base; path = Base.lproj/Main.storyboard; sourceTree = "<group>"; };
		4B4003D31AFEE309009985E4 /* CaffeineTests.xctest */ = {isa = PBXFileReference; explicitFileType = wrapper.cfbundle; includeInIndex = 0; path = CaffeineTests.xctest; sourceTree = BUILT_PRODUCTS_DIR; };
		4B4003D81AFEE309009985E4 /* Info.plist */ = {isa = PBXFileReference; lastKnownFileType = text.plist.xml; path = Info.plist; sourceTree = "<group>"; };
		4B4003D91AFEE309009985E4 /* CaffeineTests.swift */ = {isa = PBXFileReference; lastKnownFileType = sourcecode.swift; path = CaffeineTests.swift; sourceTree = "<group>"; };
		4B97393A1AFEE9200030AE46 /* ProcessMonitor.swift */ = {isa = PBXFileReference; fileEncoding = 4; lastKnownFileType = sourcecode.swift; path = ProcessMonitor.swift; sourceTree = "<group>"; };
/* End PBXFileReference section */

/* Begin PBXFrameworksBuildPhase section */
		4B4003BE1AFEE309009985E4 /* Frameworks */ = {
			isa = PBXFrameworksBuildPhase;
			buildActionMask = 2147483647;
			files = (
			);
			runOnlyForDeploymentPostprocessing = 0;
		};
		4B4003D01AFEE309009985E4 /* Frameworks */ = {
			isa = PBXFrameworksBuildPhase;
			buildActionMask = 2147483647;
			files = (
			);
			runOnlyForDeploymentPostprocessing = 0;
		};
/* End PBXFrameworksBuildPhase section */

/* Begin PBXGroup section */
		4B4003B81AFEE309009985E4 = {
			isa = PBXGroup;
			children = (
				4B4003C31AFEE309009985E4 /* Caffeine */,
				4B4003D61AFEE309009985E4 /* CaffeineTests */,
				4B4003C21AFEE309009985E4 /* Products */,
			);
			sourceTree = "<group>";
		};
		4B4003C21AFEE309009985E4 /* Products */ = {
			isa = PBXGroup;
			children = (
				4B4003C11AFEE309009985E4 /* Caffeine.app */,
				4B4003D31AFEE309009985E4 /* CaffeineTests.xctest */,
			);
			name = Products;
			sourceTree = "<group>";
		};
		4B4003C31AFEE309009985E4 /* Caffeine */ = {
			isa = PBXGroup;
			children = (
				4B1EB7231AFEF04F00EDFE61 /* CaffeineInjector.swift */,
				4B97393A1AFEE9200030AE46 /* ProcessMonitor.swift */,
				4B4003C61AFEE309009985E4 /* AppDelegate.swift */,
				4B4003C81AFEE309009985E4 /* ViewController.swift */,
				4B4003CA1AFEE309009985E4 /* Images.xcassets */,
				4B4003CC1AFEE309009985E4 /* Main.storyboard */,
				4B4003C41AFEE309009985E4 /* Supporting Files */,
			);
			path = Caffeine;
			sourceTree = "<group>";
		};
		4B4003C41AFEE309009985E4 /* Supporting Files */ = {
			isa = PBXGroup;
			children = (
				4B4003C51AFEE309009985E4 /* Info.plist */,
			);
			name = "Supporting Files";
			sourceTree = "<group>";
		};
		4B4003D61AFEE309009985E4 /* CaffeineTests */ = {
			isa = PBXGroup;
			children = (
				4B4003D91AFEE309009985E4 /* CaffeineTests.swift */,
				4B4003D71AFEE309009985E4 /* Supporting Files */,
			);
			path = CaffeineTests;
			sourceTree = "<group>";
		};
		4B4003D71AFEE309009985E4 /* Supporting Files */ = {
			isa = PBXGroup;
			children = (
				4B4003D81AFEE309009985E4 /* Info.plist */,
			);
			name = "Supporting Files";
			sourceTree = "<group>";
		};
/* End PBXGroup section */

/* Begin PBXNativeTarget section */
		4B4003C01AFEE309009985E4 /* Caffeine */ = {
			isa = PBXNativeTarget;
			buildConfigurationList = 4B4003DD1AFEE309009985E4 /* Build configuration list for PBXNativeTarget "Caffeine" */;
			buildPhases = (
				4B4003BD1AFEE309009985E4 /* Sources */,
				4B4003BE1AFEE309009985E4 /* Frameworks */,
				4B4003BF1AFEE309009985E4 /* Resources */,
			);
			buildRules = (
			);
			dependencies = (
			);
			name = Caffeine;
			productName = Caffeine;
			productReference = 4B4003C11AFEE309009985E4 /* Caffeine.app */;
			productType = "com.apple.product-type.application";
		};
		4B4003D21AFEE309009985E4 /* CaffeineTests */ = {
			isa = PBXNativeTarget;
			buildConfigurationList = 4B4003E01AFEE309009985E4 /* Build configuration list for PBXNativeTarget "CaffeineTests" */;
			buildPhases = (
				4B4003CF1AFEE309009985E4 /* Sources */,
				4B4003D01AFEE309009985E4 /* Frameworks */,
				4B4003D11AFEE309009985E4 /* Resources */,
			);
			buildRules = (
			);
			dependencies = (
				4B4003D51AFEE309009985E4 /* PBXTargetDependency */,
			);
			name = CaffeineTests;
			productName = CaffeineTests;
			productReference = 4B4003D31AFEE309009985E4 /* CaffeineTests.xctest */;
			productType = "com.apple.product-type.bundle.unit-test";
		};
/* End PBXNativeTarget section */

/* Begin PBXProject section */
		4B4003B91AFEE309009985E4 /* Project object */ = {
			isa = PBXProject;
			attributes = {
				LastSwiftUpdateCheck = 0700;
				LastUpgradeCheck = 0700;
				ORGANIZATIONNAME = "Ben John";
				TargetAttributes = {
					4B4003C01AFEE309009985E4 = {
						CreatedOnToolsVersion = 6.3.1;
					};
					4B4003D21AFEE309009985E4 = {
						CreatedOnToolsVersion = 6.3.1;
						TestTargetID = 4B4003C01AFEE309009985E4;
					};
				};
			};
			buildConfigurationList = 4B4003BC1AFEE309009985E4 /* Build configuration list for PBXProject "Caffeine" */;
			compatibilityVersion = "Xcode 3.2";
			developmentRegion = English;
			hasScannedForEncodings = 0;
			knownRegions = (
				en,
				Base,
			);
			mainGroup = 4B4003B81AFEE309009985E4;
			productRefGroup = 4B4003C21AFEE309009985E4 /* Products */;
			projectDirPath = "";
			projectRoot = "";
			targets = (
				4B4003C01AFEE309009985E4 /* Caffeine */,
				4B4003D21AFEE309009985E4 /* CaffeineTests */,
			);
		};
/* End PBXProject section */

/* Begin PBXResourcesBuildPhase section */
		4B4003BF1AFEE309009985E4 /* Resources */ = {
			isa = PBXResourcesBuildPhase;
			buildActionMask = 2147483647;
			files = (
				4B4003CB1AFEE309009985E4 /* Images.xcassets in Resources */,
				4B4003CE1AFEE309009985E4 /* Main.storyboard in Resources */,
			);
			runOnlyForDeploymentPostprocessing = 0;
		};
		4B4003D11AFEE309009985E4 /* Resources */ = {
			isa = PBXResourcesBuildPhase;
			buildActionMask = 2147483647;
			files = (
			);
			runOnlyForDeploymentPostprocessing = 0;
		};
/* End PBXResourcesBuildPhase section */

/* Begin PBXSourcesBuildPhase section */
		4B4003BD1AFEE309009985E4 /* Sources */ = {
			isa = PBXSourcesBuildPhase;
			buildActionMask = 2147483647;
			files = (
				4B1EB7241AFEF04F00EDFE61 /* CaffeineInjector.swift in Sources */,
				4B4003C91AFEE309009985E4 /* ViewController.swift in Sources */,
				4B97393B1AFEE9200030AE46 /* ProcessMonitor.swift in Sources */,
				4B4003C71AFEE309009985E4 /* AppDelegate.swift in Sources */,
			);
			runOnlyForDeploymentPostprocessing = 0;
		};
		4B4003CF1AFEE309009985E4 /* Sources */ = {
			isa = PBXSourcesBuildPhase;
			buildActionMask = 2147483647;
			files = (
				4B4003DA1AFEE309009985E4 /* CaffeineTests.swift in Sources */,
			);
			runOnlyForDeploymentPostprocessing = 0;
		};
/* End PBXSourcesBuildPhase section */

/* Begin PBXTargetDependency section */
		4B4003D51AFEE309009985E4 /* PBXTargetDependency */ = {
			isa = PBXTargetDependency;
			target = 4B4003C01AFEE309009985E4 /* Caffeine */;
			targetProxy = 4B4003D41AFEE309009985E4 /* PBXContainerItemProxy */;
		};
/* End PBXTargetDependency section */

/* Begin PBXVariantGroup section */
		4B4003CC1AFEE309009985E4 /* Main.storyboard */ = {
			isa = PBXVariantGroup;
			children = (
				4B4003CD1AFEE309009985E4 /* Base */,
			);
			name = Main.storyboard;
			sourceTree = "<group>";
		};
/* End PBXVariantGroup section */

/* Begin XCBuildConfiguration section */
		4B4003DB1AFEE309009985E4 /* Debug */ = {
			isa = XCBuildConfiguration;
			buildSettings = {
				ALWAYS_SEARCH_USER_PATHS = NO;
				CLANG_CXX_LANGUAGE_STANDARD = "gnu++0x";
				CLANG_CXX_LIBRARY = "libc++";
				CLANG_ENABLE_MODULES = YES;
				CLANG_ENABLE_OBJC_ARC = YES;
				CLANG_WARN_BOOL_CONVERSION = YES;
				CLANG_WARN_CONSTANT_CONVERSION = YES;
				CLANG_WARN_DIRECT_OBJC_ISA_USAGE = YES_ERROR;
				CLANG_WARN_EMPTY_BODY = YES;
				CLANG_WARN_ENUM_CONVERSION = YES;
				CLANG_WARN_INT_CONVERSION = YES;
				CLANG_WARN_OBJC_ROOT_CLASS = YES_ERROR;
				CLANG_WARN_UNREACHABLE_CODE = YES;
				CLANG_WARN__DUPLICATE_METHOD_MATCH = YES;
				CODE_SIGN_IDENTITY = "-";
				COPY_PHASE_STRIP = NO;
				DEBUG_INFORMATION_FORMAT = dwarf;
				ENABLE_STRICT_OBJC_MSGSEND = YES;
				ENABLE_TESTABILITY = YES;
				GCC_C_LANGUAGE_STANDARD = gnu99;
				GCC_DYNAMIC_NO_PIC = NO;
				GCC_NO_COMMON_BLOCKS = YES;
				GCC_OPTIMIZATION_LEVEL = 0;
				GCC_PREPROCESSOR_DEFINITIONS = (
					"DEBUG=1",
					"$(inherited)",
				);
				GCC_SYMBOLS_PRIVATE_EXTERN = NO;
				GCC_WARN_64_TO_32_BIT_CONVERSION = YES;
				GCC_WARN_ABOUT_RETURN_TYPE = YES_ERROR;
				GCC_WARN_UNDECLARED_SELECTOR = YES;
				GCC_WARN_UNINITIALIZED_AUTOS = YES_AGGRESSIVE;
				GCC_WARN_UNUSED_FUNCTION = YES;
				GCC_WARN_UNUSED_VARIABLE = YES;
				MACOSX_DEPLOYMENT_TARGET = 10.10;
				MTL_ENABLE_DEBUG_INFO = YES;
				ONLY_ACTIVE_ARCH = YES;
				SDKROOT = macosx;
				SWIFT_OPTIMIZATION_LEVEL = "-Onone";
			};
			name = Debug;
		};
		4B4003DC1AFEE309009985E4 /* Release */ = {
			isa = XCBuildConfiguration;
			buildSettings = {
				ALWAYS_SEARCH_USER_PATHS = NO;
				CLANG_CXX_LANGUAGE_STANDARD = "gnu++0x";
				CLANG_CXX_LIBRARY = "libc++";
				CLANG_ENABLE_MODULES = YES;
				CLANG_ENABLE_OBJC_ARC = YES;
				CLANG_WARN_BOOL_CONVERSION = YES;
				CLANG_WARN_CONSTANT_CONVERSION = YES;
				CLANG_WARN_DIRECT_OBJC_ISA_USAGE = YES_ERROR;
				CLANG_WARN_EMPTY_BODY = YES;
				CLANG_WARN_ENUM_CONVERSION = YES;
				CLANG_WARN_INT_CONVERSION = YES;
				CLANG_WARN_OBJC_ROOT_CLASS = YES_ERROR;
				CLANG_WARN_UNREACHABLE_CODE = YES;
				CLANG_WARN__DUPLICATE_METHOD_MATCH = YES;
				CODE_SIGN_IDENTITY = "-";
				COPY_PHASE_STRIP = NO;
				DEBUG_INFORMATION_FORMAT = "dwarf-with-dsym";
				ENABLE_NS_ASSERTIONS = NO;
				ENABLE_STRICT_OBJC_MSGSEND = YES;
				GCC_C_LANGUAGE_STANDARD = gnu99;
				GCC_NO_COMMON_BLOCKS = YES;
				GCC_WARN_64_TO_32_BIT_CONVERSION = YES;
				GCC_WARN_ABOUT_RETURN_TYPE = YES_ERROR;
				GCC_WARN_UNDECLARED_SELECTOR = YES;
				GCC_WARN_UNINITIALIZED_AUTOS = YES_AGGRESSIVE;
				GCC_WARN_UNUSED_FUNCTION = YES;
				GCC_WARN_UNUSED_VARIABLE = YES;
				MACOSX_DEPLOYMENT_TARGET = 10.10;
				MTL_ENABLE_DEBUG_INFO = NO;
				SDKROOT = macosx;
			};
			name = Release;
		};
		4B4003DE1AFEE309009985E4 /* Debug */ = {
			isa = XCBuildConfiguration;
			buildSettings = {
				ASSETCATALOG_COMPILER_APPICON_NAME = AppIcon;
				COMBINE_HIDPI_IMAGES = YES;
				INFOPLIST_FILE = Caffeine/Info.plist;
				LD_RUNPATH_SEARCH_PATHS = "$(inherited) @executable_path/../Frameworks";
				PRODUCT_BUNDLE_IDENTIFIER = "de.benjohn.$(PRODUCT_NAME:rfc1034identifier)";
				PRODUCT_NAME = "$(TARGET_NAME)";
			};
			name = Debug;
		};
		4B4003DF1AFEE309009985E4 /* Release */ = {
			isa = XCBuildConfiguration;
			buildSettings = {
				ASSETCATALOG_COMPILER_APPICON_NAME = AppIcon;
				COMBINE_HIDPI_IMAGES = YES;
				INFOPLIST_FILE = Caffeine/Info.plist;
				LD_RUNPATH_SEARCH_PATHS = "$(inherited) @executable_path/../Frameworks";
				PRODUCT_BUNDLE_IDENTIFIER = "de.benjohn.$(PRODUCT_NAME:rfc1034identifier)";
				PRODUCT_NAME = "$(TARGET_NAME)";
			};
			name = Release;
		};
		4B4003E11AFEE309009985E4 /* Debug */ = {
			isa = XCBuildConfiguration;
			buildSettings = {
				BUNDLE_LOADER = "$(TEST_HOST)";
				COMBINE_HIDPI_IMAGES = YES;
				FRAMEWORK_SEARCH_PATHS = (
					"$(DEVELOPER_FRAMEWORKS_DIR)",
					"$(inherited)",
				);
				GCC_PREPROCESSOR_DEFINITIONS = (
					"DEBUG=1",
					"$(inherited)",
				);
				INFOPLIST_FILE = CaffeineTests/Info.plist;
				LD_RUNPATH_SEARCH_PATHS = "$(inherited) @executable_path/../Frameworks @loader_path/../Frameworks";
				PRODUCT_BUNDLE_IDENTIFIER = "de.benjohn.$(PRODUCT_NAME:rfc1034identifier)";
				PRODUCT_NAME = "$(TARGET_NAME)";
				TEST_HOST = "$(BUILT_PRODUCTS_DIR)/Caffeine.app/Contents/MacOS/Caffeine";
			};
			name = Debug;
		};
		4B4003E21AFEE309009985E4 /* Release */ = {
			isa = XCBuildConfiguration;
			buildSettings = {
				BUNDLE_LOADER = "$(TEST_HOST)";
				COMBINE_HIDPI_IMAGES = YES;
				FRAMEWORK_SEARCH_PATHS = (
					"$(DEVELOPER_FRAMEWORKS_DIR)",
					"$(inherited)",
				);
				INFOPLIST_FILE = CaffeineTests/Info.plist;
				LD_RUNPATH_SEARCH_PATHS = "$(inherited) @executable_path/../Frameworks @loader_path/../Frameworks";
				PRODUCT_BUNDLE_IDENTIFIER = "de.benjohn.$(PRODUCT_NAME:rfc1034identifier)";
				PRODUCT_NAME = "$(TARGET_NAME)";
				TEST_HOST = "$(BUILT_PRODUCTS_DIR)/Caffeine.app/Contents/MacOS/Caffeine";
			};
			name = Release;
		};
/* End XCBuildConfiguration section */

/* Begin XCConfigurationList section */
		4B4003BC1AFEE309009985E4 /* Build configuration list for PBXProject "Caffeine" */ = {
			isa = XCConfigurationList;
			buildConfigurations = (
				4B4003DB1AFEE309009985E4 /* Debug */,
				4B4003DC1AFEE309009985E4 /* Release */,
			);
			defaultConfigurationIsVisible = 0;
			defaultConfigurationName = Release;
		};
		4B4003DD1AFEE309009985E4 /* Build configuration list for PBXNativeTarget "Caffeine" */ = {
			isa = XCConfigurationList;
			buildConfigurations = (
				4B4003DE1AFEE309009985E4 /* Debug */,
				4B4003DF1AFEE309009985E4 /* Release */,
			);
			defaultConfigurationIsVisible = 0;
			defaultConfigurationName = Release;
		};
		4B4003E01AFEE309009985E4 /* Build configuration list for PBXNativeTarget "CaffeineTests" */ = {
			isa = XCConfigurationList;
			buildConfigurations = (
				4B4003E11AFEE309009985E4 /* Debug */,
				4B4003E21AFEE309009985E4 /* Release */,
			);
			defaultConfigurationIsVisible = 0;
			defaultConfigurationName = Release;
		};
/* End XCConfigurationList section */
	};
	rootObject = 4B4003B91AFEE309009985E4 /* Project object */;
}
